// !$*UTF8*$!
{
	archiveVersion = 1;
	classes = {
	};
	objectVersion = 77;
	objects = {

/* Begin PBXContainerItemProxy section */
		A173AB392EEFD79300E97784 /* PBXContainerItemProxy */ = {
			isa = PBXContainerItemProxy;
			containerPortal = A173AB172EEFD79100E97784 /* Project object */;
			proxyType = 1;
			remoteGlobalIDString = A173AB1E2EEFD79100E97784;
			remoteInfo = ConnectFourTutorial;
		};
		A173AB432EEFD79300E97784 /* PBXContainerItemProxy */ = {
			isa = PBXContainerItemProxy;
			containerPortal = A173AB172EEFD79100E97784 /* Project object */;
			proxyType = 1;
			remoteGlobalIDString = A173AB1E2EEFD79100E97784;
			remoteInfo = ConnectFourTutorial;
		};
/* End PBXContainerItemProxy section */

/* Begin PBXFileReference section */
		A173AB1F2EEFD79100E97784 /* ConnectFourTutorial.app */ = {isa = PBXFileReference; explicitFileType = wrapper.application; includeInIndex = 0; path = ConnectFourTutorial.app; sourceTree = BUILT_PRODUCTS_DIR; };
		A173AB382EEFD79300E97784 /* ConnectFourTutorialTests.xctest */ = {isa = PBXFileReference; explicitFileType = wrapper.cfbundle; includeInIndex = 0; path = ConnectFourTutorialTests.xctest; sourceTree = BUILT_PRODUCTS_DIR; };
		A173AB422EEFD79300E97784 /* ConnectFourTutorialUITests.xctest */ = {isa = PBXFileReference; explicitFileType = wrapper.cfbundle; includeInIndex = 0; path = ConnectFourTutorialUITests.xctest; sourceTree = BUILT_PRODUCTS_DIR; };
/* End PBXFileReference section */

/* Begin PBXFileSystemSynchronizedBuildFileExceptionSet section */
		A173AB4A2EEFD79300E97784 /* Exceptions for "ConnectFourTutorial" folder in "ConnectFourTutorial" target */ = {
			isa = PBXFileSystemSynchronizedBuildFileExceptionSet;
			membershipExceptions = (
				Info.plist,
			);
			target = A173AB1E2EEFD79100E97784 /* ConnectFourTutorial */;
		};
/* End PBXFileSystemSynchronizedBuildFileExceptionSet section */

/* Begin PBXFileSystemSynchronizedRootGroup section */
		A173AB212EEFD79100E97784 /* ConnectFourTutorial */ = {
			isa = PBXFileSystemSynchronizedRootGroup;
			exceptions = (
				A173AB4A2EEFD79300E97784 /* Exceptions for "ConnectFourTutorial" folder in "ConnectFourTutorial" target */,
			);
			path = ConnectFourTutorial;
			sourceTree = "<group>";
		};
		A173AB3B2EEFD79300E97784 /* ConnectFourTutorialTests */ = {
			isa = PBXFileSystemSynchronizedRootGroup;
			path = ConnectFourTutorialTests;
			sourceTree = "<group>";
		};
		A173AB452EEFD79300E97784 /* ConnectFourTutorialUITests */ = {
			isa = PBXFileSystemSynchronizedRootGroup;
			path = ConnectFourTutorialUITests;
			sourceTree = "<group>";
		};
/* End PBXFileSystemSynchronizedRootGroup section */

/* Begin PBXFrameworksBuildPhase section */
		A173AB1C2EEFD79100E97784 /* Frameworks */ = {
			isa = PBXFrameworksBuildPhase;
			buildActionMask = 2147483647;
			files = (
			);
			runOnlyForDeploymentPostprocessing = 0;
		};
		A173AB352EEFD79300E97784 /* Frameworks */ = {
			isa = PBXFrameworksBuildPhase;
			buildActionMask = 2147483647;
			files = (
			);
			runOnlyForDeploymentPostprocessing = 0;
		};
		A173AB3F2EEFD79300E97784 /* Frameworks */ = {
			isa = PBXFrameworksBuildPhase;
			buildActionMask = 2147483647;
			files = (
			);
			runOnlyForDeploymentPostprocessing = 0;
		};
/* End PBXFrameworksBuildPhase section */

/* Begin PBXGroup section */
		A173AB162EEFD79100E97784 = {
			isa = PBXGroup;
			children = (
				A173AB212EEFD79100E97784 /* ConnectFourTutorial */,
				A173AB3B2EEFD79300E97784 /* ConnectFourTutorialTests */,
				A173AB452EEFD79300E97784 /* ConnectFourTutorialUITests */,
				A173AB202EEFD79100E97784 /* Products */,
			);
			sourceTree = "<group>";
		};
		A173AB202EEFD79100E97784 /* Products */ = {
			isa = PBXGroup;
			children = (
				A173AB1F2EEFD79100E97784 /* ConnectFourTutorial.app */,
				A173AB382EEFD79300E97784 /* ConnectFourTutorialTests.xctest */,
				A173AB422EEFD79300E97784 /* ConnectFourTutorialUITests.xctest */,
			);
			name = Products;
			sourceTree = "<group>";
		};
/* End PBXGroup section */

/* Begin PBXNativeTarget section */
		A173AB1E2EEFD79100E97784 /* ConnectFourTutorial */ = {
			isa = PBXNativeTarget;
			buildConfigurationList = A173AB4B2EEFD79300E97784 /* Build configuration list for PBXNativeTarget "ConnectFourTutorial" */;
			buildPhases = (
				A173AB1B2EEFD79100E97784 /* Sources */,
				A173AB1C2EEFD79100E97784 /* Frameworks */,
				A173AB1D2EEFD79100E97784 /* Resources */,
			);
			buildRules = (
			);
			dependencies = (
			);
			fileSystemSynchronizedGroups = (
				A173AB212EEFD79100E97784 /* ConnectFourTutorial */,
			);
			name = ConnectFourTutorial;
			packageProductDependencies = (
			);
			productName = ConnectFourTutorial;
			productReference = A173AB1F2EEFD79100E97784 /* ConnectFourTutorial.app */;
			productType = "com.apple.product-type.application";
		};
		A173AB372EEFD79300E97784 /* ConnectFourTutorialTests */ = {
			isa = PBXNativeTarget;
			buildConfigurationList = A173AB502EEFD79300E97784 /* Build configuration list for PBXNativeTarget "ConnectFourTutorialTests" */;
			buildPhases = (
				A173AB342EEFD79300E97784 /* Sources */,
				A173AB352EEFD79300E97784 /* Frameworks */,
				A173AB362EEFD79300E97784 /* Resources */,
			);
			buildRules = (
			);
			dependencies = (
				A173AB3A2EEFD79300E97784 /* PBXTargetDependency */,
			);
			fileSystemSynchronizedGroups = (
				A173AB3B2EEFD79300E97784 /* ConnectFourTutorialTests */,
			);
			name = ConnectFourTutorialTests;
			packageProductDependencies = (
			);
			productName = ConnectFourTutorialTests;
			productReference = A173AB382EEFD79300E97784 /* ConnectFourTutorialTests.xctest */;
			productType = "com.apple.product-type.bundle.unit-test";
		};
		A173AB412EEFD79300E97784 /* ConnectFourTutorialUITests */ = {
			isa = PBXNativeTarget;
			buildConfigurationList = A173AB532EEFD79300E97784 /* Build configuration list for PBXNativeTarget "ConnectFourTutorialUITests" */;
			buildPhases = (
				A173AB3E2EEFD79300E97784 /* Sources */,
				A173AB3F2EEFD79300E97784 /* Frameworks */,
				A173AB402EEFD79300E97784 /* Resources */,
			);
			buildRules = (
			);
			dependencies = (
				A173AB442EEFD79300E97784 /* PBXTargetDependency */,
			);
			fileSystemSynchronizedGroups = (
				A173AB452EEFD79300E97784 /* ConnectFourTutorialUITests */,
			);
			name = ConnectFourTutorialUITests;
			packageProductDependencies = (
			);
			productName = ConnectFourTutorialUITests;
			productReference = A173AB422EEFD79300E97784 /* ConnectFourTutorialUITests.xctest */;
			productType = "com.apple.product-type.bundle.ui-testing";
		};
/* End PBXNativeTarget section */

/* Begin PBXProject section */
		A173AB172EEFD79100E97784 /* Project object */ = {
			isa = PBXProject;
			attributes = {
				BuildIndependentTargetsInParallel = 1;
				LastSwiftUpdateCheck = 2600;
				LastUpgradeCheck = 2600;
				TargetAttributes = {
					A173AB1E2EEFD79100E97784 = {
						CreatedOnToolsVersion = 26.0.1;
					};
					A173AB372EEFD79300E97784 = {
						CreatedOnToolsVersion = 26.0.1;
						TestTargetID = A173AB1E2EEFD79100E97784;
					};
					A173AB412EEFD79300E97784 = {
						CreatedOnToolsVersion = 26.0.1;
						TestTargetID = A173AB1E2EEFD79100E97784;
					};
				};
			};
			buildConfigurationList = A173AB1A2EEFD79100E97784 /* Build configuration list for PBXProject "ConnectFourTutorial" */;
			developmentRegion = en;
			hasScannedForEncodings = 0;
			knownRegions = (
				en,
				Base,
			);
			mainGroup = A173AB162EEFD79100E97784;
			minimizedProjectReferenceProxies = 1;
			preferredProjectObjectVersion = 77;
			productRefGroup = A173AB202EEFD79100E97784 /* Products */;
			projectDirPath = "";
			projectRoot = "";
			targets = (
				A173AB1E2EEFD79100E97784 /* ConnectFourTutorial */,
				A173AB372EEFD79300E97784 /* ConnectFourTutorialTests */,
				A173AB412EEFD79300E97784 /* ConnectFourTutorialUITests */,
			);
		};
/* End PBXProject section */

/* Begin PBXResourcesBuildPhase section */
		A173AB1D2EEFD79100E97784 /* Resources */ = {
			isa = PBXResourcesBuildPhase;
			buildActionMask = 2147483647;
			files = (
			);
			runOnlyForDeploymentPostprocessing = 0;
		};
		A173AB362EEFD79300E97784 /* Resources */ = {
			isa = PBXResourcesBuildPhase;
			buildActionMask = 2147483647;
			files = (
			);
			runOnlyForDeploymentPostprocessing = 0;
		};
		A173AB402EEFD79300E97784 /* Resources */ = {
			isa = PBXResourcesBuildPhase;
			buildActionMask = 2147483647;
			files = (
			);
			runOnlyForDeploymentPostprocessing = 0;
		};
/* End PBXResourcesBuildPhase section */

/* Begin PBXSourcesBuildPhase section */
		A173AB1B2EEFD79100E97784 /* Sources */ = {
			isa = PBXSourcesBuildPhase;
			buildActionMask = 2147483647;
			files = (
			);
			runOnlyForDeploymentPostprocessing = 0;
		};
		A173AB342EEFD79300E97784 /* Sources */ = {
			isa = PBXSourcesBuildPhase;
			buildActionMask = 2147483647;
			files = (
			);
			runOnlyForDeploymentPostprocessing = 0;
		};
		A173AB3E2EEFD79300E97784 /* Sources */ = {
			isa = PBXSourcesBuildPhase;
			buildActionMask = 2147483647;
			files = (
			);
			runOnlyForDeploymentPostprocessing = 0;
		};
/* End PBXSourcesBuildPhase section */

/* Begin PBXTargetDependency section */
		A173AB3A2EEFD79300E97784 /* PBXTargetDependency */ = {
			isa = PBXTargetDependency;
			target = A173AB1E2EEFD79100E97784 /* ConnectFourTutorial */;
			targetProxy = A173AB392EEFD79300E97784 /* PBXContainerItemProxy */;
		};
		A173AB442EEFD79300E97784 /* PBXTargetDependency */ = {
			isa = PBXTargetDependency;
			target = A173AB1E2EEFD79100E97784 /* ConnectFourTutorial */;
			targetProxy = A173AB432EEFD79300E97784 /* PBXContainerItemProxy */;
		};
/* End PBXTargetDependency section */

/* Begin XCBuildConfiguration section */
		A173AB4C2EEFD79300E97784 /* Debug */ = {
			isa = XCBuildConfiguration;
			buildSettings = {
				ASSETCATALOG_COMPILER_APPICON_NAME = AppIcon;
				ASSETCATALOG_COMPILER_GLOBAL_ACCENT_COLOR_NAME = AccentColor;
				CODE_SIGN_STYLE = Automatic;
				CURRENT_PROJECT_VERSION = 1;
				DEVELOPMENT_TEAM = 2UNUCCAYKR;
				GENERATE_INFOPLIST_FILE = YES;
				INFOPLIST_FILE = ConnectFourTutorial/Info.plist;
				INFOPLIST_KEY_UIApplicationSupportsIndirectInputEvents = YES;
				INFOPLIST_KEY_UILaunchStoryboardName = LaunchScreen;
				INFOPLIST_KEY_UIMainStoryboardFile = Main;
				INFOPLIST_KEY_UISupportedInterfaceOrientations_iPad = "UIInterfaceOrientationPortrait UIInterfaceOrientationPortraitUpsideDown UIInterfaceOrientationLandscapeLeft UIInterfaceOrientationLandscapeRight";
				INFOPLIST_KEY_UISupportedInterfaceOrientations_iPhone = "UIInterfaceOrientationPortrait UIInterfaceOrientationLandscapeLeft UIInterfaceOrientationLandscapeRight";
				LD_RUNPATH_SEARCH_PATHS = (
					"$(inherited)",
					"@executable_path/Frameworks",
				);
				MARKETING_VERSION = 1.0;
				PRODUCT_BUNDLE_IDENTIFIER = code.with.lama.ConnectFourTutorial;
				PRODUCT_NAME = "$(TARGET_NAME)";
				STRING_CATALOG_GENERATE_SYMBOLS = YES;
				SWIFT_APPROACHABLE_CONCURRENCY = YES;
				SWIFT_DEFAULT_ACTOR_ISOLATION = MainActor;
				SWIFT_EMIT_LOC_STRINGS = YES;
				SWIFT_UPCOMING_FEATURE_MEMBER_IMPORT_VISIBILITY = YES;
				SWIFT_VERSION = 5.0;
				TARGETED_DEVICE_FAMILY = "1,2";
			};
			name = Debug;
		};
		A173AB4D2EEFD79300E97784 /* Release */ = {
			isa = XCBuildConfiguration;
			buildSettings = {
				ASSETCATALOG_COMPILER_APPICON_NAME = AppIcon;
				ASSETCATALOG_COMPILER_GLOBAL_ACCENT_COLOR_NAME = AccentColor;
				CODE_SIGN_STYLE = Automatic;
				CURRENT_PROJECT_VERSION = 1;
				DEVELOPMENT_TEAM = 2UNUCCAYKR;
				GENERATE_INFOPLIST_FILE = YES;
				INFOPLIST_FILE = ConnectFourTutorial/Info.plist;
				INFOPLIST_KEY_UIApplicationSupportsIndirectInputEvents = YES;
				INFOPLIST_KEY_UILaunchStoryboardName = LaunchScreen;
				INFOPLIST_KEY_UIMainStoryboardFile = Main;
				INFOPLIST_KEY_UISupportedInterfaceOrientations_iPad = "UIInterfaceOrientationPortrait UIInterfaceOrientationPortraitUpsideDown UIInterfaceOrientationLandscapeLeft UIInterfaceOrientationLandscapeRight";
				INFOPLIST_KEY_UISupportedInterfaceOrientations_iPhone = "UIInterfaceOrientationPortrait UIInterfaceOrientationLandscapeLeft UIInterfaceOrientationLandscapeRight";
				LD_RUNPATH_SEARCH_PATHS = (
					"$(inherited)",
					"@executable_path/Frameworks",
				);
				MARKETING_VERSION = 1.0;
				PRODUCT_BUNDLE_IDENTIFIER = code.with.lama.ConnectFourTutorial;
				PRODUCT_NAME = "$(TARGET_NAME)";
				STRING_CATALOG_GENERATE_SYMBOLS = YES;
				SWIFT_APPROACHABLE_CONCURRENCY = YES;
				SWIFT_DEFAULT_ACTOR_ISOLATION = MainActor;
				SWIFT_EMIT_LOC_STRINGS = YES;
				SWIFT_UPCOMING_FEATURE_MEMBER_IMPORT_VISIBILITY = YES;
				SWIFT_VERSION = 5.0;
				TARGETED_DEVICE_FAMILY = "1,2";
			};
			name = Release;
		};
		A173AB4E2EEFD79300E97784 /* Debug */ = {
			isa = XCBuildConfiguration;
			buildSettings = {
				ALWAYS_SEARCH_USER_PATHS = NO;
				ASSETCATALOG_COMPILER_GENERATE_SWIFT_ASSET_SYMBOL_EXTENSIONS = YES;
				CLANG_ANALYZER_NONNULL = YES;
				CLANG_ANALYZER_NUMBER_OBJECT_CONVERSION = YES_AGGRESSIVE;
				CLANG_CXX_LANGUAGE_STANDARD = "gnu++20";
				CLANG_ENABLE_MODULES = YES;
				CLANG_ENABLE_OBJC_ARC = YES;
				CLANG_ENABLE_OBJC_WEAK = YES;
				CLANG_WARN_BLOCK_CAPTURE_AUTORELEASING = YES;
				CLANG_WARN_BOOL_CONVERSION = YES;
				CLANG_WARN_COMMA = YES;
				CLANG_WARN_CONSTANT_CONVERSION = YES;
				CLANG_WARN_DEPRECATED_OBJC_IMPLEMENTATIONS = YES;
				CLANG_WARN_DIRECT_OBJC_ISA_USAGE = YES_ERROR;
				CLANG_WARN_DOCUMENTATION_COMMENTS = YES;
				CLANG_WARN_EMPTY_BODY = YES;
				CLANG_WARN_ENUM_CONVERSION = YES;
				CLANG_WARN_INFINITE_RECURSION = YES;
				CLANG_WARN_INT_CONVERSION = YES;
				CLANG_WARN_NON_LITERAL_NULL_CONVERSION = YES;
				CLANG_WARN_OBJC_IMPLICIT_RETAIN_SELF = YES;
				CLANG_WARN_OBJC_LITERAL_CONVERSION = YES;
				CLANG_WARN_OBJC_ROOT_CLASS = YES_ERROR;
				CLANG_WARN_QUOTED_INCLUDE_IN_FRAMEWORK_HEADER = YES;
				CLANG_WARN_RANGE_LOOP_ANALYSIS = YES;
				CLANG_WARN_STRICT_PROTOTYPES = YES;
				CLANG_WARN_SUSPICIOUS_MOVE = YES;
				CLANG_WARN_UNGUARDED_AVAILABILITY = YES_AGGRESSIVE;
				CLANG_WARN_UNREACHABLE_CODE = YES;
				CLANG_WARN__DUPLICATE_METHOD_MATCH = YES;
				COPY_PHASE_STRIP = NO;
				DEBUG_INFORMATION_FORMAT = dwarf;
				DEVELOPMENT_TEAM = 2UNUCCAYKR;
				ENABLE_STRICT_OBJC_MSGSEND = YES;
				ENABLE_TESTABILITY = YES;
				ENABLE_USER_SCRIPT_SANDBOXING = YES;
				GCC_C_LANGUAGE_STANDARD = gnu17;
				GCC_DYNAMIC_NO_PIC = NO;
				GCC_NO_COMMON_BLOCKS = YES;
				GCC_OPTIMIZATION_LEVEL = 0;
				GCC_PREPROCESSOR_DEFINITIONS = (
					"DEBUG=1",
					"$(inherited)",
				);
				GCC_WARN_64_TO_32_BIT_CONVERSION = YES;
				GCC_WARN_ABOUT_RETURN_TYPE = YES_ERROR;
				GCC_WARN_UNDECLARED_SELECTOR = YES;
				GCC_WARN_UNINITIALIZED_AUTOS = YES_AGGRESSIVE;
				GCC_WARN_UNUSED_FUNCTION = YES;
				GCC_WARN_UNUSED_VARIABLE = YES;
				IPHONEOS_DEPLOYMENT_TARGET = 26.0;
				LOCALIZATION_PREFERS_STRING_CATALOGS = YES;
				MTL_ENABLE_DEBUG_INFO = INCLUDE_SOURCE;
				MTL_FAST_MATH = YES;
				ONLY_ACTIVE_ARCH = YES;
				SDKROOT = iphoneos;
				SWIFT_ACTIVE_COMPILATION_CONDITIONS = "DEBUG $(inherited)";
				SWIFT_OPTIMIZATION_LEVEL = "-Onone";
			};
			name = Debug;
		};
		A173AB4F2EEFD79300E97784 /* Release */ = {
			isa = XCBuildConfiguration;
			buildSettings = {
				ALWAYS_SEARCH_USER_PATHS = NO;
				ASSETCATALOG_COMPILER_GENERATE_SWIFT_ASSET_SYMBOL_EXTENSIONS = YES;
				CLANG_ANALYZER_NONNULL = YES;
				CLANG_ANALYZER_NUMBER_OBJECT_CONVERSION = YES_AGGRESSIVE;
				CLANG_CXX_LANGUAGE_STANDARD = "gnu++20";
				CLANG_ENABLE_MODULES = YES;
				CLANG_ENABLE_OBJC_ARC = YES;
				CLANG_ENABLE_OBJC_WEAK = YES;
				CLANG_WARN_BLOCK_CAPTURE_AUTORELEASING = YES;
				CLANG_WARN_BOOL_CONVERSION = YES;
				CLANG_WARN_COMMA = YES;
				CLANG_WARN_CONSTANT_CONVERSION = YES;
				CLANG_WARN_DEPRECATED_OBJC_IMPLEMENTATIONS = YES;
				CLANG_WARN_DIRECT_OBJC_ISA_USAGE = YES_ERROR;
				CLANG_WARN_DOCUMENTATION_COMMENTS = YES;
				CLANG_WARN_EMPTY_BODY = YES;
				CLANG_WARN_ENUM_CONVERSION = YES;
				CLANG_WARN_INFINITE_RECURSION = YES;
				CLANG_WARN_INT_CONVERSION = YES;
				CLANG_WARN_NON_LITERAL_NULL_CONVERSION = YES;
				CLANG_WARN_OBJC_IMPLICIT_RETAIN_SELF = YES;
				CLANG_WARN_OBJC_LITERAL_CONVERSION = YES;
				CLANG_WARN_OBJC_ROOT_CLASS = YES_ERROR;
				CLANG_WARN_QUOTED_INCLUDE_IN_FRAMEWORK_HEADER = YES;
				CLANG_WARN_RANGE_LOOP_ANALYSIS = YES;
				CLANG_WARN_STRICT_PROTOTYPES = YES;
				CLANG_WARN_SUSPICIOUS_MOVE = YES;
				CLANG_WARN_UNGUARDED_AVAILABILITY = YES_AGGRESSIVE;
				CLANG_WARN_UNREACHABLE_CODE = YES;
				CLANG_WARN__DUPLICATE_METHOD_MATCH = YES;
				COPY_PHASE_STRIP = NO;
				DEBUG_INFORMATION_FORMAT = "dwarf-with-dsym";
				DEVELOPMENT_TEAM = 2UNUCCAYKR;
				ENABLE_NS_ASSERTIONS = NO;
				ENABLE_STRICT_OBJC_MSGSEND = YES;
				ENABLE_USER_SCRIPT_SANDBOXING = YES;
				GCC_C_LANGUAGE_STANDARD = gnu17;
				GCC_NO_COMMON_BLOCKS = YES;
				GCC_WARN_64_TO_32_BIT_CONVERSION = YES;
				GCC_WARN_ABOUT_RETURN_TYPE = YES_ERROR;
				GCC_WARN_UNDECLARED_SELECTOR = YES;
				GCC_WARN_UNINITIALIZED_AUTOS = YES_AGGRESSIVE;
				GCC_WARN_UNUSED_FUNCTION = YES;
				GCC_WARN_UNUSED_VARIABLE = YES;
				IPHONEOS_DEPLOYMENT_TARGET = 26.0;
				LOCALIZATION_PREFERS_STRING_CATALOGS = YES;
				MTL_ENABLE_DEBUG_INFO = NO;
				MTL_FAST_MATH = YES;
				SDKROOT = iphoneos;
				SWIFT_COMPILATION_MODE = wholemodule;
				VALIDATE_PRODUCT = YES;
			};
			name = Release;
		};
		A173AB512EEFD79300E97784 /* Debug */ = {
			isa = XCBuildConfiguration;
			buildSettings = {
				BUNDLE_LOADER = "$(TEST_HOST)";
				CODE_SIGN_STYLE = Automatic;
				CURRENT_PROJECT_VERSION = 1;
				DEVELOPMENT_TEAM = 2UNUCCAYKR;
				GENERATE_INFOPLIST_FILE = YES;
				IPHONEOS_DEPLOYMENT_TARGET = 26.0;
				MARKETING_VERSION = 1.0;
				PRODUCT_BUNDLE_IDENTIFIER = code.with.lama.ConnectFourTutorialTests;
				PRODUCT_NAME = "$(TARGET_NAME)";
				STRING_CATALOG_GENERATE_SYMBOLS = NO;
				SWIFT_APPROACHABLE_CONCURRENCY = YES;
				SWIFT_EMIT_LOC_STRINGS = NO;
				SWIFT_UPCOMING_FEATURE_MEMBER_IMPORT_VISIBILITY = YES;
				SWIFT_VERSION = 5.0;
				TARGETED_DEVICE_FAMILY = "1,2";
				TEST_HOST = "$(BUILT_PRODUCTS_DIR)/ConnectFourTutorial.app/$(BUNDLE_EXECUTABLE_FOLDER_PATH)/ConnectFourTutorial";
			};
			name = Debug;
		};
		A173AB522EEFD79300E97784 /* Release */ = {
			isa = XCBuildConfiguration;
			buildSettings = {
				BUNDLE_LOADER = "$(TEST_HOST)";
				CODE_SIGN_STYLE = Automatic;
				CURRENT_PROJECT_VERSION = 1;
				DEVELOPMENT_TEAM = 2UNUCCAYKR;
				GENERATE_INFOPLIST_FILE = YES;
				IPHONEOS_DEPLOYMENT_TARGET = 26.0;
				MARKETING_VERSION = 1.0;
				PRODUCT_BUNDLE_IDENTIFIER = code.with.lama.ConnectFourTutorialTests;
				PRODUCT_NAME = "$(TARGET_NAME)";
				STRING_CATALOG_GENERATE_SYMBOLS = NO;
				SWIFT_APPROACHABLE_CONCURRENCY = YES;
				SWIFT_EMIT_LOC_STRINGS = NO;
				SWIFT_UPCOMING_FEATURE_MEMBER_IMPORT_VISIBILITY = YES;
				SWIFT_VERSION = 5.0;
				TARGETED_DEVICE_FAMILY = "1,2";
				TEST_HOST = "$(BUILT_PRODUCTS_DIR)/ConnectFourTutorial.app/$(BUNDLE_EXECUTABLE_FOLDER_PATH)/ConnectFourTutorial";
			};
			name = Release;
		};
		A173AB542EEFD79300E97784 /* Debug */ = {
			isa = XCBuildConfiguration;
			buildSettings = {
				CODE_SIGN_STYLE = Automatic;
				CURRENT_PROJECT_VERSION = 1;
				DEVELOPMENT_TEAM = 2UNUCCAYKR;
				GENERATE_INFOPLIST_FILE = YES;
				MARKETING_VERSION = 1.0;
				PRODUCT_BUNDLE_IDENTIFIER = code.with.lama.ConnectFourTutorialUITests;
				PRODUCT_NAME = "$(TARGET_NAME)";
				STRING_CATALOG_GENERATE_SYMBOLS = NO;
				SWIFT_APPROACHABLE_CONCURRENCY = YES;
				SWIFT_EMIT_LOC_STRINGS = NO;
				SWIFT_UPCOMING_FEATURE_MEMBER_IMPORT_VISIBILITY = YES;
				SWIFT_VERSION = 5.0;
				TARGETED_DEVICE_FAMILY = "1,2";
				TEST_TARGET_NAME = ConnectFourTutorial;
			};
			name = Debug;
		};
		A173AB552EEFD79300E97784 /* Release */ = {
			isa = XCBuildConfiguration;
			buildSettings = {
				CODE_SIGN_STYLE = Automatic;
				CURRENT_PROJECT_VERSION = 1;
				DEVELOPMENT_TEAM = 2UNUCCAYKR;
				GENERATE_INFOPLIST_FILE = YES;
				MARKETING_VERSION = 1.0;
				PRODUCT_BUNDLE_IDENTIFIER = code.with.lama.ConnectFourTutorialUITests;
				PRODUCT_NAME = "$(TARGET_NAME)";
				STRING_CATALOG_GENERATE_SYMBOLS = NO;
				SWIFT_APPROACHABLE_CONCURRENCY = YES;
				SWIFT_EMIT_LOC_STRINGS = NO;
				SWIFT_UPCOMING_FEATURE_MEMBER_IMPORT_VISIBILITY = YES;
				SWIFT_VERSION = 5.0;
				TARGETED_DEVICE_FAMILY = "1,2";
				TEST_TARGET_NAME = ConnectFourTutorial;
			};
			name = Release;
		};
/* End XCBuildConfiguration section */

/* Begin XCConfigurationList section */
		A173AB1A2EEFD79100E97784 /* Build configuration list for PBXProject "ConnectFourTutorial" */ = {
			isa = XCConfigurationList;
			buildConfigurations = (
				A173AB4E2EEFD79300E97784 /* Debug */,
				A173AB4F2EEFD79300E97784 /* Release */,
			);
			defaultConfigurationIsVisible = 0;
			defaultConfigurationName = Release;
		};
		A173AB4B2EEFD79300E97784 /* Build configuration list for PBXNativeTarget "ConnectFourTutorial" */ = {
			isa = XCConfigurationList;
			buildConfigurations = (
				A173AB4C2EEFD79300E97784 /* Debug */,
				A173AB4D2EEFD79300E97784 /* Release */,
			);
			defaultConfigurationIsVisible = 0;
			defaultConfigurationName = Release;
		};
		A173AB502EEFD79300E97784 /* Build configuration list for PBXNativeTarget "ConnectFourTutorialTests" */ = {
			isa = XCConfigurationList;
			buildConfigurations = (
				A173AB512EEFD79300E97784 /* Debug */,
				A173AB522EEFD79300E97784 /* Release */,
			);
			defaultConfigurationIsVisible = 0;
			defaultConfigurationName = Release;
		};
		A173AB532EEFD79300E97784 /* Build configuration list for PBXNativeTarget "ConnectFourTutorialUITests" */ = {
			isa = XCConfigurationList;
			buildConfigurations = (
				A173AB542EEFD79300E97784 /* Debug */,
				A173AB552EEFD79300E97784 /* Release */,
			);
			defaultConfigurationIsVisible = 0;
			defaultConfigurationName = Release;
		};
/* End XCConfigurationList section */
	};
	rootObject = A173AB172EEFD79100E97784 /* Project object */;
}
